
Microsoft Visual Studio Solution File, Format Version 12.00
# Visual Studio Version 17
VisualStudioVersion = 17.11.35222.181
MinimumVisualStudioVersion = 10.0.40219.1
Project("{9A19103F-16F7-4668-BE54-9A1E7A4F7556}") = "TOOP", "TOOP\TOOP.csproj", "{A8319339-5896-416E-89D5-736332360D68}"
EndProject
Project("{FAE04EC0-301F-11D3-BF4B-00C04F79EFBC}") = "TOOP.Tests", "TOOP.Tests\TOOP.Tests.csproj", "{5CA7056C-000F-488E-BB4D-B48B5AC7BD47}"
EndProject
Global
	GlobalSection(SolutionConfigurationPlatforms) = preSolution
		Debug|Any CPU = Debug|Any CPU
		Release|Any CPU = Release|Any CPU
	EndGlobalSection
	GlobalSection(ProjectConfigurationPlatforms) = postSolution
		{A8319339-5896-416E-89D5-736332360D68}.Debug|Any CPU.ActiveCfg = Debug|Any CPU
		{A8319339-5896-416E-89D5-736332360D68}.Debug|Any CPU.Build.0 = Debug|Any CPU
		{A8319339-5896-416E-89D5-736332360D68}.Release|Any CPU.ActiveCfg = Release|Any CPU
		{A8319339-5896-416E-89D5-736332360D68}.Release|Any CPU.Build.0 = Release|Any CPU
		{5CA7056C-000F-488E-BB4D-B48B5AC7BD47}.Debug|Any CPU.ActiveCfg = Debug|Any CPU
		{5CA7056C-000F-488E-BB4D-B48B5AC7BD47}.Debug|Any CPU.Build.0 = Debug|Any CPU
		{5CA7056C-000F-488E-BB4D-B48B5AC7BD47}.Release|Any CPU.ActiveCfg = Release|Any CPU
		{5CA7056C-000F-488E-BB4D-B48B5AC7BD47}.Release|Any CPU.Build.0 = Release|Any CPU
	EndGlobalSection
	GlobalSection(SolutionProperties) = preSolution
		HideSolutionNode = FALSE
	EndGlobalSection
	GlobalSection(ExtensibilityGlobals) = postSolution
		SolutionGuid = {0FA74F69-25AF-472B-A0EC-1D1CE137DF32}
	EndGlobalSection
EndGlobal
